
Microsoft Visual Studio Solution File, Format Version 12.00
# Visual Studio 15
VisualStudioVersion = 15.0.28307.136
MinimumVisualStudioVersion = 10.0.40219.1
Project("{E24C65DC-7377-472B-9ABA-BC803B73C61A}") = "Practica1WS", "Practica1WS\", "{BB7625D2-7687-473D-B399-30667405AE34}"
	ProjectSection(WebsiteProperties) = preProject
		TargetFrameworkMoniker = ".NETFramework,Version%3Dv4.6"
		Debug.AspNetCompiler.VirtualPath = "/localhost_51476"
		Debug.AspNetCompiler.PhysicalPath = "Practica1WS\"
		Debug.AspNetCompiler.TargetPath = "PrecompiledWeb\localhost_51476\"
		Debug.AspNetCompiler.Updateable = "true"
		Debug.AspNetCompiler.ForceOverwrite = "true"
		Debug.AspNetCompiler.FixedNames = "false"
		Debug.AspNetCompiler.Debug = "True"
		Release.AspNetCompiler.VirtualPath = "/localhost_51476"
		Release.AspNetCompiler.PhysicalPath = "Practica1WS\"
		Release.AspNetCompiler.TargetPath = "PrecompiledWeb\localhost_51476\"
		Release.AspNetCompiler.Updateable = "true"
		Release.AspNetCompiler.ForceOverwrite = "true"
		Release.AspNetCompiler.FixedNames = "false"
		Release.AspNetCompiler.Debug = "False"
		VWDPort = "51476"
		SlnRelativePath = "Practica1WS\"
		DefaultWebSiteLanguage = "Visual C#"
	EndProjectSection
EndProject
Global
	GlobalSection(SolutionConfigurationPlatforms) = preSolution
		Debug|Any CPU = Debug|Any CPU
	EndGlobalSection
	GlobalSection(ProjectConfigurationPlatforms) = postSolution
		{BB7625D2-7687-473D-B399-30667405AE34}.Debug|Any CPU.ActiveCfg = Debug|Any CPU
		{BB7625D2-7687-473D-B399-30667405AE34}.Debug|Any CPU.Build.0 = Debug|Any CPU
	EndGlobalSection
	GlobalSection(SolutionProperties) = preSolution
		HideSolutionNode = FALSE
	EndGlobalSection
	GlobalSection(ExtensibilityGlobals) = postSolution
		SolutionGuid = {5B8BA118-B9B0-4610-9829-99A26154CE40}
	EndGlobalSection
EndGlobal
